
Microsoft Visual Studio Solution File, Format Version 12.00
# Visual Studio Version 16
VisualStudioVersion = 16.0.31702.278
MinimumVisualStudioVersion = 10.0.40219.1
Project("{FAE04EC0-301F-11D3-BF4B-00C04F79EFBC}") = "TRMDataManager", "TRMDataManager\TRMDataManager.csproj", "{2182BC97-6265-41EC-BA88-DF38C756430A}"
EndProject
Project("{00D1A9C2-B5F0-4AF3-8072-F6C62B433612}") = "TRMData", "TRMData\TRMData.sqlproj", "{CDEC33F1-2C24-49B8-9BCD-721D9E43BF6A}"
EndProject
Global
	GlobalSection(SolutionConfigurationPlatforms) = preSolution
		Debug|Any CPU = Debug|Any CPU
		Release|Any CPU = Release|Any CPU
	EndGlobalSection
	GlobalSection(ProjectConfigurationPlatforms) = postSolution
		{2182BC97-6265-41EC-BA88-DF38C756430A}.Debug|Any CPU.ActiveCfg = Debug|Any CPU
		{2182BC97-6265-41EC-BA88-DF38C756430A}.Debug|Any CPU.Build.0 = Debug|Any CPU
		{2182BC97-6265-41EC-BA88-DF38C756430A}.Release|Any CPU.ActiveCfg = Release|Any CPU
		{2182BC97-6265-41EC-BA88-DF38C756430A}.Release|Any CPU.Build.0 = Release|Any CPU
		{CDEC33F1-2C24-49B8-9BCD-721D9E43BF6A}.Debug|Any CPU.ActiveCfg = Debug|Any CPU
		{CDEC33F1-2C24-49B8-9BCD-721D9E43BF6A}.Debug|Any CPU.Build.0 = Debug|Any CPU
		{CDEC33F1-2C24-49B8-9BCD-721D9E43BF6A}.Debug|Any CPU.Deploy.0 = Debug|Any CPU
		{CDEC33F1-2C24-49B8-9BCD-721D9E43BF6A}.Release|Any CPU.ActiveCfg = Release|Any CPU
		{CDEC33F1-2C24-49B8-9BCD-721D9E43BF6A}.Release|Any CPU.Build.0 = Release|Any CPU
		{CDEC33F1-2C24-49B8-9BCD-721D9E43BF6A}.Release|Any CPU.Deploy.0 = Release|Any CPU
	EndGlobalSection
	GlobalSection(SolutionProperties) = preSolution
		HideSolutionNode = FALSE
	EndGlobalSection
	GlobalSection(ExtensibilityGlobals) = postSolution
		SolutionGuid = {68ED7AC8-EF28-4E6B-8117-E44193BB6B76}
	EndGlobalSection
EndGlobal
